{
    "_meta": {
        "hash": {
            "sha256": "26334298a5fb4253dc53ba4330cffd86c3e9a99bdd1011553bf964b0758edfe7"
        },
        "pipfile-spec": 6,
        "requires": {
            "python_version": "3.7"
        },
        "sources": [
            {
                "name": "pypi",
                "url": "https://pypi.org/simple",
                "verify_ssl": true
            }
        ]
    },
    "default": {
        "cloudpickle": {
            "hashes": [
                "sha256:3f4219469c55453cfe4737e564b67c2a149109dabf7f242478948b895f61106f",
                "sha256:7428798d5926d8fcbfd092d18d01a2a03daf8237d8fcdc8095d256b8490796f0"
            ],
            "markers": "python_version >= '3.6'",
            "version": "==2.2.0"
        },
        "loky": {
            "hashes": [
                "sha256:dbe10cd89603193da80529c6cdab901dd6a4176f0e749ba6f5eb775e352b1e73",
                "sha256:ffddf71eadf3d870547fc0e941584e7aa82cea72452f23f4e40551873e69551b"
            ],
            "index": "pypi",
            "version": "==3.3.0"
        },
        "numpy": {
            "hashes": [
                "sha256:1a784e8ff7ea2a32e393cc53eb0003eca1597c7ca628227e34ce34eb11645a0e",
                "sha256:2ba579dde0563f47021dcd652253103d6fd66165b18011dce1a0609215b2791e",
                "sha256:3537b967b350ad17633b35c2f4b1a1bbd258c018910b518c30b48c8e41272717",
                "sha256:3c40e6b860220ed862e8097b8f81c9af6d7405b723f4a7af24a267b46f90e461",
                "sha256:598fe100b2948465cf3ed64b1a326424b5e4be2670552066e17dfaa67246011d",
                "sha256:620732f42259eb2c4642761bd324462a01cdd13dd111740ce3d344992dd8492f",
                "sha256:709884863def34d72b183d074d8ba5cfe042bc3ff8898f1ffad0209161caaa99",
                "sha256:75579acbadbf74e3afd1153da6177f846212ea2a0cc77de53523ae02c9256513",
                "sha256:7c55407f739f0bfcec67d0df49103f9333edc870061358ac8a8c9e37ea02fcd2",
                "sha256:a1f2fb2da242568af0271455b89aee0f71e4e032086ee2b4c5098945d0e11cf6",
                "sha256:a290989cd671cd0605e9c91a70e6df660f73ae87484218e8285c6522d29f6e38",
                "sha256:ac4fd578322842dbda8d968e3962e9f22e862b6ec6e3378e7415625915e2da4d",
                "sha256:ad09f55cc95ed8d80d8ab2052f78cc21cb231764de73e229140d81ff49d8145e",
                "sha256:b9205711e5440954f861ceeea8f1b415d7dd15214add2e878b4d1cf2bcb1a914",
                "sha256:bba474a87496d96e61461f7306fba2ebba127bed7836212c360f144d1e72ac54",
                "sha256:bebab3eaf0641bba26039fb0b2c5bf9b99407924b53b1ea86e03c32c64ef5aef",
                "sha256:cc367c86eb87e5b7c9592935620f22d13b090c609f1b27e49600cd033b529f54",
                "sha256:ccc6c650f8700ce1e3a77668bb7c43e45c20ac06ae00d22bdf6760b38958c883",
                "sha256:cf680682ad0a3bef56dae200dbcbac2d57294a73e5b0f9864955e7dd7c2c2491",
                "sha256:d2910d0a075caed95de1a605df00ee03b599de5419d0b95d55342e9a33ad1fb3",
                "sha256:d5caa946a9f55511e76446e170bdad1d12d6b54e17a2afe7b189112ed4412bb8",
                "sha256:d89b0dc7f005090e32bb4f9bf796e1dcca6b52243caf1803fdd2b748d8561f63",
                "sha256:d95d16204cd51ff1a1c8d5f9958ce90ae190be81d348b514f9be39f878b8044a",
                "sha256:e4d5a86a5257843a18fb1220c5f1c199532bc5d24e849ed4b0289fb59fbd4d8f",
                "sha256:e58ddb53a7b4959932f5582ac455ff90dcb05fac3f8dcc8079498d43afbbde6c",
                "sha256:e80fe25cba41c124d04c662f33f6364909b985f2eb5998aaa5ae4b9587242cce",
                "sha256:eda2829af498946c59d8585a9fd74da3f810866e05f8df03a86f70079c7531dd",
                "sha256:fd0a359c1c17f00cb37de2969984a74320970e0ceef4808c32e00773b06649d9"
            ],
            "index": "pypi",
            "version": "==1.21.0"
        }
    },
    "develop": {
        "branca": {
            "hashes": [
                "sha256:781ff32bf82979584b0004bd84c254cfccda26bc31b2f7333346d03fb7b97741",
                "sha256:e6f2f7eba7dd368ceef8f63822b867f5e11d4d3abdd099a787db9ed2b7065ae1"
            ],
            "markers": "python_version >= '3.5'",
            "version": "==0.5.0"
        },
        "certifi": {
            "hashes": [
                "sha256:0d9c601124e5a6ba9712dbc60d9c53c21e34f5f641fe83002317394311bdce14",
                "sha256:90c1a32f1d68f940488354e36370f6cca89f0f106db09518524c88d6ed83f382"
            ],
            "markers": "python_version >= '3.6'",
            "version": "==2022.9.24"
        },
        "charset-normalizer": {
            "hashes": [
                "sha256:5a3d016c7c547f69d6f81fb0db9449ce888b418b5b9952cc5e6e66843e9dd845",
                "sha256:83e9a75d1911279afd89352c68b45348559d1fc0506b054b346651b5e7fee29f"
            ],
            "markers": "python_version >= '3.6'",
            "version": "==2.1.1"
        },
        "folium": {
            "hashes": [
                "sha256:6219350c4303b556e5c80f8379714374ebe8b14312a97add4c89bae4daaa3d9f",
                "sha256:9eee35961cd9a3234948efe47bcd0ef9729a278768ae90685c24922beafb53dd"
            ],
            "index": "pypi",
            "version": "==0.13.0"
        },
        "geographiclib": {
            "hashes": [
                "sha256:8f441c527b0b8a26cd96c965565ff0513d1e4d9952b704bf449409e5015c77b7",
                "sha256:ac400d672b8954b0306bca890b088bb8ba2a757dc8133cca0b878f34b33b2740"
            ],
            "version": "==1.52"
        },
        "geopy": {
            "hashes": [
                "sha256:58b7edf526b8c32e33126570b5f4fcdfaa29d4416506064777ae8d84cd103fdd",
                "sha256:8f1f949082b964385de61fcc3a667a6a9a6e242beb1ae8972449f164b2ba0e89"
            ],
            "index": "pypi",
            "version": "==2.2.0"
        },
        "idna": {
            "hashes": [
                "sha256:814f528e8dead7d329833b91c5faa87d60bf71824cd12a7530b5526063d02cb4",
                "sha256:90b77e79eaa3eba6de819a0c442c0b4ceefc341a7a2ab77d7562bf49f425c5c2"
            ],
            "markers": "python_version >= '3.5'",
            "version": "==3.4"
        },
        "jinja2": {
            "hashes": [
                "sha256:31351a702a408a9e7595a8fc6150fc3f43bb6bf7e319770cbc0db9df9437e852",
                "sha256:6088930bfe239f0e6710546ab9c19c9ef35e29792895fed6e6e31a023a182a61"
            ],
            "markers": "python_version >= '3.7'",
            "version": "==3.1.2"
        },
        "joblib": {
            "hashes": [
                "sha256:091138ed78f800342968c523bdde947e7a305b8594b910a0fea2ab83c3c6d385",
                "sha256:e1cee4a79e4af22881164f218d4311f60074197fb707e082e803b61f6d137018"
            ],
            "markers": "python_version >= '3.7'",
            "version": "==1.2.0"
        },
        "markupsafe": {
            "hashes": [
                "sha256:0212a68688482dc52b2d45013df70d169f542b7394fc744c02a57374a4207003",
                "sha256:089cf3dbf0cd6c100f02945abeb18484bd1ee57a079aefd52cffd17fba910b88",
                "sha256:10c1bfff05d95783da83491be968e8fe789263689c02724e0c691933c52994f5",
                "sha256:33b74d289bd2f5e527beadcaa3f401e0df0a89927c1559c8566c066fa4248ab7",
                "sha256:3799351e2336dc91ea70b034983ee71cf2f9533cdff7c14c90ea126bfd95d65a",
                "sha256:3ce11ee3f23f79dbd06fb3d63e2f6af7b12db1d46932fe7bd8afa259a5996603",
                "sha256:421be9fbf0ffe9ffd7a378aafebbf6f4602d564d34be190fc19a193232fd12b1",
                "sha256:43093fb83d8343aac0b1baa75516da6092f58f41200907ef92448ecab8825135",
                "sha256:46d00d6cfecdde84d40e572d63735ef81423ad31184100411e6e3388d405e247",
                "sha256:4a33dea2b688b3190ee12bd7cfa29d39c9ed176bda40bfa11099a3ce5d3a7ac6",
                "sha256:4b9fe39a2ccc108a4accc2676e77da025ce383c108593d65cc909add5c3bd601",
                "sha256:56442863ed2b06d19c37f94d999035e15ee982988920e12a5b4ba29b62ad1f77",
                "sha256:671cd1187ed5e62818414afe79ed29da836dde67166a9fac6d435873c44fdd02",
                "sha256:694deca8d702d5db21ec83983ce0bb4b26a578e71fbdbd4fdcd387daa90e4d5e",
                "sha256:6a074d34ee7a5ce3effbc526b7083ec9731bb3cbf921bbe1d3005d4d2bdb3a63",
                "sha256:6d0072fea50feec76a4c418096652f2c3238eaa014b2f94aeb1d56a66b41403f",
                "sha256:6fbf47b5d3728c6aea2abb0589b5d30459e369baa772e0f37a0320185e87c980",
                "sha256:7f91197cc9e48f989d12e4e6fbc46495c446636dfc81b9ccf50bb0ec74b91d4b",
                "sha256:86b1f75c4e7c2ac2ccdaec2b9022845dbb81880ca318bb7a0a01fbf7813e3812",
                "sha256:8dc1c72a69aa7e082593c4a203dcf94ddb74bb5c8a731e4e1eb68d031e8498ff",
                "sha256:8e3dcf21f367459434c18e71b2a9532d96547aef8a871872a5bd69a715c15f96",
                "sha256:8e576a51ad59e4bfaac456023a78f6b5e6e7651dcd383bcc3e18d06f9b55d6d1",
                "sha256:96e37a3dc86e80bf81758c152fe66dbf60ed5eca3d26305edf01892257049925",
                "sha256:97a68e6ada378df82bc9f16b800ab77cbf4b2fada0081794318520138c088e4a",
                "sha256:99a2a507ed3ac881b975a2976d59f38c19386d128e7a9a18b7df6fff1fd4c1d6",
                "sha256:a49907dd8420c5685cfa064a1335b6754b74541bbb3706c259c02ed65b644b3e",
                "sha256:b09bf97215625a311f669476f44b8b318b075847b49316d3e28c08e41a7a573f",
                "sha256:b7bd98b796e2b6553da7225aeb61f447f80a1ca64f41d83612e6139ca5213aa4",
                "sha256:b87db4360013327109564f0e591bd2a3b318547bcef31b468a92ee504d07ae4f",
                "sha256:bcb3ed405ed3222f9904899563d6fc492ff75cce56cba05e32eff40e6acbeaa3",
                "sha256:d4306c36ca495956b6d568d276ac11fdd9c30a36f1b6eb928070dc5360b22e1c",
                "sha256:d5ee4f386140395a2c818d149221149c54849dfcfcb9f1debfe07a8b8bd63f9a",
                "sha256:dda30ba7e87fbbb7eab1ec9f58678558fd9a6b8b853530e176eabd064da81417",
                "sha256:e04e26803c9c3851c931eac40c695602c6295b8d432cbe78609649ad9bd2da8a",
                "sha256:e1c0b87e09fa55a220f058d1d49d3fb8df88fbfab58558f1198e08c1e1de842a",
                "sha256:e72591e9ecd94d7feb70c1cbd7be7b3ebea3f548870aa91e2732960fa4d57a37",
                "sha256:e8c843bbcda3a2f1e3c2ab25913c80a3c5376cd00c6e8c4a86a89a28c8dc5452",
                "sha256:efc1913fd2ca4f334418481c7e595c00aad186563bbc1ec76067848c7ca0a933",
                "sha256:f121a1420d4e173a5d96e47e9a0c0dcff965afdf1626d28de1460815f7c4ee7a",
                "sha256:fc7b548b17d238737688817ab67deebb30e8073c95749d55538ed473130ec0c7"
            ],
            "markers": "python_version >= '3.7'",
            "version": "==2.1.1"
        },
        "numpy": {
            "hashes": [
                "sha256:1a784e8ff7ea2a32e393cc53eb0003eca1597c7ca628227e34ce34eb11645a0e",
                "sha256:2ba579dde0563f47021dcd652253103d6fd66165b18011dce1a0609215b2791e",
                "sha256:3537b967b350ad17633b35c2f4b1a1bbd258c018910b518c30b48c8e41272717",
                "sha256:3c40e6b860220ed862e8097b8f81c9af6d7405b723f4a7af24a267b46f90e461",
                "sha256:598fe100b2948465cf3ed64b1a326424b5e4be2670552066e17dfaa67246011d",
                "sha256:620732f42259eb2c4642761bd324462a01cdd13dd111740ce3d344992dd8492f",
                "sha256:709884863def34d72b183d074d8ba5cfe042bc3ff8898f1ffad0209161caaa99",
                "sha256:75579acbadbf74e3afd1153da6177f846212ea2a0cc77de53523ae02c9256513",
                "sha256:7c55407f739f0bfcec67d0df49103f9333edc870061358ac8a8c9e37ea02fcd2",
                "sha256:a1f2fb2da242568af0271455b89aee0f71e4e032086ee2b4c5098945d0e11cf6",
                "sha256:a290989cd671cd0605e9c91a70e6df660f73ae87484218e8285c6522d29f6e38",
                "sha256:ac4fd578322842dbda8d968e3962e9f22e862b6ec6e3378e7415625915e2da4d",
                "sha256:ad09f55cc95ed8d80d8ab2052f78cc21cb231764de73e229140d81ff49d8145e",
                "sha256:b9205711e5440954f861ceeea8f1b415d7dd15214add2e878b4d1cf2bcb1a914",
                "sha256:bba474a87496d96e61461f7306fba2ebba127bed7836212c360f144d1e72ac54",
                "sha256:bebab3eaf0641bba26039fb0b2c5bf9b99407924b53b1ea86e03c32c64ef5aef",
                "sha256:cc367c86eb87e5b7c9592935620f22d13b090c609f1b27e49600cd033b529f54",
                "sha256:ccc6c650f8700ce1e3a77668bb7c43e45c20ac06ae00d22bdf6760b38958c883",
                "sha256:cf680682ad0a3bef56dae200dbcbac2d57294a73e5b0f9864955e7dd7c2c2491",
                "sha256:d2910d0a075caed95de1a605df00ee03b599de5419d0b95d55342e9a33ad1fb3",
                "sha256:d5caa946a9f55511e76446e170bdad1d12d6b54e17a2afe7b189112ed4412bb8",
                "sha256:d89b0dc7f005090e32bb4f9bf796e1dcca6b52243caf1803fdd2b748d8561f63",
                "sha256:d95d16204cd51ff1a1c8d5f9958ce90ae190be81d348b514f9be39f878b8044a",
                "sha256:e4d5a86a5257843a18fb1220c5f1c199532bc5d24e849ed4b0289fb59fbd4d8f",
                "sha256:e58ddb53a7b4959932f5582ac455ff90dcb05fac3f8dcc8079498d43afbbde6c",
                "sha256:e80fe25cba41c124d04c662f33f6364909b985f2eb5998aaa5ae4b9587242cce",
                "sha256:eda2829af498946c59d8585a9fd74da3f810866e05f8df03a86f70079c7531dd",
                "sha256:fd0a359c1c17f00cb37de2969984a74320970e0ceef4808c32e00773b06649d9"
            ],
            "index": "pypi",
            "version": "==1.21.0"
        },
        "pandas": {
            "hashes": [
                "sha256:0d8d7433d19bfa33f11c92ad9997f15a902bda4f5ad3a4814a21d2e910894484",
                "sha256:1642fc6138b4e45d57a12c1b464a01a6d868c0148996af23f72dde8d12486bbc",
                "sha256:171cef540bfcec52257077816a4dbbac152acdb8236ba11d3196ae02bf0959d8",
                "sha256:1b82ccc7b093e0a93f8dffd97a542646a3e026817140e2c01266aaef5fdde11b",
                "sha256:1d34b1f43d9e3f4aea056ba251f6e9b143055ebe101ed04c847b41bb0bb4a989",
                "sha256:207d63ac851e60ec57458814613ef4b3b6a5e9f0b33c57623ba2bf8126c311f8",
                "sha256:2504c032f221ef9e4a289f5e46a42b76f5e087ecb67d62e342ccbba95a32a488",
                "sha256:33a9d9e21ab2d91e2ab6e83598419ea6a664efd4c639606b299aae8097c1c94f",
                "sha256:3ee61b881d2f64dd90c356eb4a4a4de75376586cd3c9341c6c0fcaae18d52977",
                "sha256:41aec9f87455306496d4486df07c1b98c15569c714be2dd552a6124cd9fda88f",
                "sha256:4e30a31039574d96f3d683df34ccb50bb435426ad65793e42a613786901f6761",
                "sha256:5cc47f2ebaa20ef96ae72ee082f9e101b3dfbf74f0e62c7a12c0b075a683f03c",
                "sha256:62e61003411382e20d7c2aec1ee8d7c86c8b9cf46290993dd8a0a3be44daeb38",
                "sha256:73844e247a7b7dac2daa9df7339ecf1fcf1dfb8cbfd11e3ffe9819ae6c31c515",
                "sha256:85a516a7f6723ca1528f03f7851fa8d0360d1d6121cf15128b290cf79b8a7f6a",
                "sha256:86d87279ebc5bc20848b4ceb619073490037323f80f515e0ec891c80abad958a",
                "sha256:8a4fc04838615bf0a8d3a03ed68197f358054f0df61f390bcc64fbe39e3d71ec",
                "sha256:8e8e5edf97d8793f51d258c07c629bd49d271d536ce15d66ac00ceda5c150eb3",
                "sha256:947ed9f896ee61adbe61829a7ae1ade493c5a28c66366ec1de85c0642009faac",
                "sha256:a68a9b9754efff364b0c5ee5b0f18e15ca640c01afe605d12ba8b239ca304d6b",
                "sha256:c76f1d104844c5360c21d2ef0e1a8b2ccf8b8ebb40788475e255b9462e32b2be",
                "sha256:c7f38d91f21937fe2bec9449570d7bf36ad7136227ef43b321194ec249e2149d",
                "sha256:de34636e2dc04e8ac2136a8d3c2051fd56ebe9fd6cd185581259330649e73ca9",
                "sha256:e178ce2d7e3b934cf8d01dc2d48d04d67cb0abfaffdcc8aa6271fd5a436f39c8",
                "sha256:e252a9e49b233ff96e2815c67c29702ac3a062098d80a170c506dff3470fd060",
                "sha256:e9c5049333c5bebf993033f4bf807d163e30e8fada06e1da7fa9db86e2392009",
                "sha256:fc987f7717e53d372f586323fff441263204128a1ead053c1b98d7288f836ac9"
            ],
            "index": "pypi",
            "version": "==1.5.0"
        },
        "pulp": {
            "hashes": [
                "sha256:37ea19fde27c2a767989a40e945d7a44b8c9cf007bd433e2c0a73acbd5e92f0c",
                "sha256:4b4f7e1e954453e1b233720be23aea2f10ff068a835ac10c090a93d8e2eb2e8d"
            ],
            "index": "pypi",
            "version": "==2.6.0"
        },
        "python-dateutil": {
            "hashes": [
                "sha256:0123cacc1627ae19ddf3c27a5de5bd67ee4586fbdd6440d9748f8abb483d3e86",
                "sha256:961d03dc3453ebbc59dbdea9e4e11c5651520a876d0f4db161e8674aae935da9"
            ],
            "markers": "python_version >= '2.7' and python_version not in '3.0, 3.1, 3.2, 3.3'",
            "version": "==2.8.2"
        },
        "pytz": {
            "hashes": [
                "sha256:2c0784747071402c6e99f0bafdb7da0fa22645f06554c7ae06bf6358897e9c91",
                "sha256:48ce799d83b6f8aab2020e369b627446696619e79645419610b9facd909b3174"
            ],
            "version": "==2022.4"
        },
        "requests": {
            "hashes": [
                "sha256:7c5599b102feddaa661c826c56ab4fee28bfd17f5abca1ebbe3e7f19d7c97983",
                "sha256:8fefa2a1a1365bf5520aac41836fbee479da67864514bdb821f31ce07ce65349"
            ],
            "markers": "python_version >= '3.7' and python_version < '4'",
            "version": "==2.28.1"
        },
        "scikit-learn": {
            "hashes": [
                "sha256:1c8fecb7c9984d9ec2ea48898229f98aad681a0873e0935f2b7f724fbce4a047",
                "sha256:2b8db962360c93554cab7bb3c096c4a24695da394dd4b3c3f13409f409b425bc",
                "sha256:2f46c6e3ff1054a5ec701646dcfd61d43b8ecac4d416014daed8843cf4c33d4d",
                "sha256:3e7d1fc817867a350133f937aaebcafbc06192517cbdf0cf7e5774ad4d1adb9f",
                "sha256:407e9a1cb9e6ba458a539986a9bd25546a757088095b3aab91d465b79a760d37",
                "sha256:567417dbbe6a6278399c3e6daf1654414a5a1a4d818d28f251fa7fc28730a1bf",
                "sha256:589d46f28460469f444b898223b13d99db9463e1038dc581ba698111f612264b",
                "sha256:5ec3ea40d467966821843210c02117d82b097b54276fdcfb50f4dfb5c60dbe39",
                "sha256:6c840f662b5d3377c4ccb8be1fc21bb52cb5d8b8790f8d6bf021739f84e543cf",
                "sha256:76800652fb6d6bf527bce36ecc2cc25738b28fe1a17bd294a218fff8e8bd6d50",
                "sha256:7c22d1305b16f08d57751a4ea36071e2215efb4c09cb79183faa4e8e82a3dbf8",
                "sha256:a682ec0f82b6f30fb07486daed1c8001b6683cc66b51877644dfc532bece6a18",
                "sha256:a90ca42fe8242fd6ff56cda2fecc5fca586a88a24ab602d275d2d0dcc0b928fb",
                "sha256:b1e706deca9b2ad87ae27dafd5ac4e8eff01b6db492ed5c12cef4735ec5f21ea",
                "sha256:bbef6ea1c012ff9f3e6f6e9ca006b8772d8383e177b898091e68fbd9b3f840f9",
                "sha256:c33e16e9a165af6012f5be530ccfbb672e2bc5f9b840238a05eb7f6694304e3f",
                "sha256:d6f232779023c3b060b80b5c82e5823723bc424dcac1d1a148aa2492c54d245d",
                "sha256:f94c0146bad51daef919c402a3da8c1c6162619653e1c00c92baa168fda292f2"
            ],
            "index": "pypi",
            "version": "==1.1.2"
        },
        "scipy": {
            "hashes": [
                "sha256:0e9c83dccac06f3b9aa02df69577f239758d5d0d0c069673fb0b47ecb971983d",
                "sha256:148cb6f53d9d10dafde848e9aeb1226bf2809d16dc3221b2fa568130b6f2e586",
                "sha256:17be1a7c68ec4c49d8cd4eb1655d55d14a54ab63012296bdd5921c92dc485acd",
                "sha256:1e3b23a82867018cd26255dc951789a7c567921622073e1113755866f1eae928",
                "sha256:22380e076a162e81b659d53d75b02e9c75ad14ea2d53d9c645a12543414e2150",
                "sha256:4012dbe540732311b8f4388b7e1482eb43a7cc0435bbf2b9916b3d6c38fb8d01",
                "sha256:5994a8232cc6510a8e85899661df2d11198bf362f0ffe6fbd5c0aca17ab46ce3",
                "sha256:61b95283529712101bfb7c87faf94cb86ed9e64de079509edfe107e5cfa55733",
                "sha256:658fd31c6ad4eb9fa3fd460fcac779f70a6bc7480288a211b7658a25891cf01d",
                "sha256:7b2608b3141c257d01ae772e23b3de9e04d27344e6b68a890883795229cb7191",
                "sha256:82e8bfb352aa9dce9a0ffe81f4c369a2c87c85533519441686f59f21d8c09697",
                "sha256:885b7ac56d7460544b2ef89ab9feafa30f4264c9825d975ef690608d07e6cc55",
                "sha256:8c8c29703202c39d699b0d6b164bde5501c212005f20abf46ae322b9307c8a41",
                "sha256:92c5e627a0635ca02e6494bbbdb74f98d93ac8730416209d61de3b70c8a821be",
                "sha256:99e7720caefb8bca6ebf05c7d96078ed202881f61e0c68bd9e0f3e8097d6f794",
                "sha256:a72297eb9702576bd8f626bb488fd32bb35349d3120fc4a5e733db137f06c9a6",
                "sha256:aa270cc6080c987929335c4cb94e8054fee9a6058cecff22276fa5dbab9856fc",
                "sha256:b6194da32e0ce9200b2eda4eb4edb89c5cb8b83d6deaf7c35f8ad3d5d7627d5c",
                "sha256:bbed414fc25d64bd6d1613dc0286fbf91902219b8be63ad254525162235b67e9",
                "sha256:d6cb1f92ded3fc48f7dbe94d20d7b9887e13b874e79043907de541c841563b4c",
                "sha256:ee4ceed204f269da19f67f0115a85d3a2cd8547185037ad99a4025f9c61d02e9"
            ],
            "markers": "python_version >= '3.8'",
            "version": "==1.9.2"
        },
        "six": {
            "hashes": [
                "sha256:1e61c37477a1626458e36f7b1d82aa5c9b094fa4802892072e49de9c60c4c926",
                "sha256:8abb2f1d86890a2dfb989f9a77cfcfd3e47c2a354b01111771326f8aa26e0254"
            ],
            "markers": "python_version >= '2.7' and python_version not in '3.0, 3.1, 3.2, 3.3'",
            "version": "==1.16.0"
        },
        "threadpoolctl": {
            "hashes": [
                "sha256:8b99adda265feb6773280df41eece7b2e6561b772d21ffd52e372f999024907b",
                "sha256:a335baacfaa4400ae1f0d8e3a58d6674d2f8828e3716bb2802c44955ad391380"
            ],
            "markers": "python_version >= '3.6'",
            "version": "==3.1.0"
        },
        "urllib3": {
            "hashes": [
                "sha256:3fa96cf423e6987997fc326ae8df396db2a8b7c667747d47ddd8ecba91f4a74e",
                "sha256:b930dd878d5a8afb066a637fbb35144fe7901e3b209d1cd4f524bd0e9deee997"
            ],
            "markers": "python_version >= '2.7' and python_version not in '3.0, 3.1, 3.2, 3.3, 3.4, 3.5' and python_version < '4'",
            "version": "==1.26.12"
        }
    }
}
